
Microsoft Visual Studio Solution File, Format Version 12.00
# Visual Studio 15
VisualStudioVersion = 15.0.28307.168
MinimumVisualStudioVersion = 10.0.40219.1
Project("{FAE04EC0-301F-11D3-BF4B-00C04F79EFBC}") = "DrVendasWebMVC", "DrVendasWebMVC\DrVendasWebMVC.csproj", "{9EC1AEE5-4011-473D-BAD3-008B9279B4E7}"
EndProject
Global
	GlobalSection(SolutionConfigurationPlatforms) = preSolution
		Debug|Any CPU = Debug|Any CPU
		Release|Any CPU = Release|Any CPU
	EndGlobalSection
	GlobalSection(ProjectConfigurationPlatforms) = postSolution
		{9EC1AEE5-4011-473D-BAD3-008B9279B4E7}.Debug|Any CPU.ActiveCfg = Debug|Any CPU
		{9EC1AEE5-4011-473D-BAD3-008B9279B4E7}.Debug|Any CPU.Build.0 = Debug|Any CPU
		{9EC1AEE5-4011-473D-BAD3-008B9279B4E7}.Release|Any CPU.ActiveCfg = Release|Any CPU
		{9EC1AEE5-4011-473D-BAD3-008B9279B4E7}.Release|Any CPU.Build.0 = Release|Any CPU
	EndGlobalSection
	GlobalSection(SolutionProperties) = preSolution
		HideSolutionNode = FALSE
	EndGlobalSection
	GlobalSection(ExtensibilityGlobals) = postSolution
		SolutionGuid = {671E9B1F-9415-4B21-8159-18E54BBD073A}
	EndGlobalSection
EndGlobal
